
Microsoft Visual Studio Solution File, Format Version 12.00
# Visual Studio Version 17
VisualStudioVersion = 17.0.32014.148
MinimumVisualStudioVersion = 10.0.40219.1
Project("{FAE04EC0-301F-11D3-BF4B-00C04F79EFBC}") = "Calculator", "Calculator\Calculator.csproj", "{3782CB72-6426-45AC-B04D-BF10643776C5}"
EndProject
Global
	GlobalSection(SolutionConfigurationPlatforms) = preSolution
		Debug|Any CPU = Debug|Any CPU
		Release|Any CPU = Release|Any CPU
	EndGlobalSection
	GlobalSection(ProjectConfigurationPlatforms) = postSolution
		{3782CB72-6426-45AC-B04D-BF10643776C5}.Debug|Any CPU.ActiveCfg = Debug|Any CPU
		{3782CB72-6426-45AC-B04D-BF10643776C5}.Debug|Any CPU.Build.0 = Debug|Any CPU
		{3782CB72-6426-45AC-B04D-BF10643776C5}.Release|Any CPU.ActiveCfg = Release|Any CPU
		{3782CB72-6426-45AC-B04D-BF10643776C5}.Release|Any CPU.Build.0 = Release|Any CPU
	EndGlobalSection
	GlobalSection(SolutionProperties) = preSolution
		HideSolutionNode = FALSE
	EndGlobalSection
	GlobalSection(ExtensibilityGlobals) = postSolution
		SolutionGuid = {BA109B0F-EBC9-4C0E-A4FB-90B68CB4D772}
	EndGlobalSection
EndGlobal
